// !$*UTF8*$!
{
	archiveVersion = 1;
	classes = {
	};
	objectVersion = 48;
	objects = {

/* Begin PBXBuildFile section */
		3C5B1318221A3EB000EE8618 /* Extensions.swift in Sources */ = {isa = PBXBuildFile; fileRef = 3C5B1317221A3EB000EE8618 /* Extensions.swift */; };
		3C7B4B60221A05E00076F0F7 /* WordSets.swift in Sources */ = {isa = PBXBuildFile; fileRef = 3C7B4B5F221A05E00076F0F7 /* WordSets.swift */; };
		3C7B4B64221A08520076F0F7 /* WordSetVC.swift in Sources */ = {isa = PBXBuildFile; fileRef = 3C7B4B63221A08520076F0F7 /* WordSetVC.swift */; };
		3CBC7ADE220E318600D11372 /* AppDelegate.swift in Sources */ = {isa = PBXBuildFile; fileRef = 3CBC7ADD220E318600D11372 /* AppDelegate.swift */; };
		3CBC7AE0220E318600D11372 /* ViewController.swift in Sources */ = {isa = PBXBuildFile; fileRef = 3CBC7ADF220E318600D11372 /* ViewController.swift */; };
		3CBC7AE3220E318600D11372 /* Main.storyboard in Resources */ = {isa = PBXBuildFile; fileRef = 3CBC7AE1220E318600D11372 /* Main.storyboard */; };
		3CBC7AE5220E318600D11372 /* Assets.xcassets in Resources */ = {isa = PBXBuildFile; fileRef = 3CBC7AE4220E318600D11372 /* Assets.xcassets */; };
		3CBC7AE8220E318600D11372 /* LaunchScreen.storyboard in Resources */ = {isa = PBXBuildFile; fileRef = 3CBC7AE6220E318600D11372 /* LaunchScreen.storyboard */; };
/* End PBXBuildFile section */

/* Begin PBXFileReference section */
		3C5B1317221A3EB000EE8618 /* Extensions.swift */ = {isa = PBXFileReference; lastKnownFileType = sourcecode.swift; path = Extensions.swift; sourceTree = "<group>"; };
		3C7B4B5F221A05E00076F0F7 /* WordSets.swift */ = {isa = PBXFileReference; lastKnownFileType = sourcecode.swift; path = WordSets.swift; sourceTree = "<group>"; };
		3C7B4B63221A08520076F0F7 /* WordSetVC.swift */ = {isa = PBXFileReference; lastKnownFileType = sourcecode.swift; path = WordSetVC.swift; sourceTree = "<group>"; };
		3CBC7ADA220E318600D11372 /* magneto-hw.app */ = {isa = PBXFileReference; explicitFileType = wrapper.application; includeInIndex = 0; path = "magneto-hw.app"; sourceTree = BUILT_PRODUCTS_DIR; };
		3CBC7ADD220E318600D11372 /* AppDelegate.swift */ = {isa = PBXFileReference; lastKnownFileType = sourcecode.swift; path = AppDelegate.swift; sourceTree = "<group>"; };
		3CBC7ADF220E318600D11372 /* ViewController.swift */ = {isa = PBXFileReference; lastKnownFileType = sourcecode.swift; path = ViewController.swift; sourceTree = "<group>"; };
		3CBC7AE2220E318600D11372 /* Base */ = {isa = PBXFileReference; lastKnownFileType = file.storyboard; name = Base; path = Base.lproj/Main.storyboard; sourceTree = "<group>"; };
		3CBC7AE4220E318600D11372 /* Assets.xcassets */ = {isa = PBXFileReference; lastKnownFileType = folder.assetcatalog; path = Assets.xcassets; sourceTree = "<group>"; };
		3CBC7AE7220E318600D11372 /* Base */ = {isa = PBXFileReference; lastKnownFileType = file.storyboard; name = Base; path = Base.lproj/LaunchScreen.storyboard; sourceTree = "<group>"; };
		3CBC7AE9220E318600D11372 /* Info.plist */ = {isa = PBXFileReference; lastKnownFileType = text.plist.xml; path = Info.plist; sourceTree = "<group>"; };
/* End PBXFileReference section */

/* Begin PBXFrameworksBuildPhase section */
		3CBC7AD7220E318600D11372 /* Frameworks */ = {
			isa = PBXFrameworksBuildPhase;
			buildActionMask = 2147483647;
			files = (
			);
			runOnlyForDeploymentPostprocessing = 0;
		};
/* End PBXFrameworksBuildPhase section */

/* Begin PBXGroup section */
		3C7B4B61221A07170076F0F7 /* Model */ = {
			isa = PBXGroup;
			children = (
				3C7B4B5F221A05E00076F0F7 /* WordSets.swift */,
			);
			path = Model;
			sourceTree = "<group>";
		};
		3C7B4B62221A07240076F0F7 /* VC */ = {
			isa = PBXGroup;
			children = (
				3CBC7ADF220E318600D11372 /* ViewController.swift */,
				3C7B4B63221A08520076F0F7 /* WordSetVC.swift */,
			);
			path = VC;
			sourceTree = "<group>";
		};
		3CBC7AD1220E318600D11372 = {
			isa = PBXGroup;
			children = (
				3CBC7ADC220E318600D11372 /* magneto-hw */,
				3CBC7ADB220E318600D11372 /* Products */,
			);
			sourceTree = "<group>";
		};
		3CBC7ADB220E318600D11372 /* Products */ = {
			isa = PBXGroup;
			children = (
				3CBC7ADA220E318600D11372 /* magneto-hw.app */,
			);
			name = Products;
			sourceTree = "<group>";
		};
		3CBC7ADC220E318600D11372 /* magneto-hw */ = {
			isa = PBXGroup;
			children = (
				3CBC7ADD220E318600D11372 /* AppDelegate.swift */,
				3C7B4B62221A07240076F0F7 /* VC */,
				3C7B4B61221A07170076F0F7 /* Model */,
				3C5B1317221A3EB000EE8618 /* Extensions.swift */,
				3CBC7AE1220E318600D11372 /* Main.storyboard */,
				3CBC7AE4220E318600D11372 /* Assets.xcassets */,
				3CBC7AE6220E318600D11372 /* LaunchScreen.storyboard */,
				3CBC7AE9220E318600D11372 /* Info.plist */,
			);
			path = "magneto-hw";
			sourceTree = "<group>";
		};
/* End PBXGroup section */

/* Begin PBXNativeTarget section */
		3CBC7AD9220E318600D11372 /* magneto-hw */ = {
			isa = PBXNativeTarget;
			buildConfigurationList = 3CBC7AEC220E318600D11372 /* Build configuration list for PBXNativeTarget "magneto-hw" */;
			buildPhases = (
				3CBC7AD6220E318600D11372 /* Sources */,
				3CBC7AD7220E318600D11372 /* Frameworks */,
				3CBC7AD8220E318600D11372 /* Resources */,
			);
			buildRules = (
			);
			dependencies = (
			);
			name = "magneto-hw";
			productName = "magneto-hw";
			productReference = 3CBC7ADA220E318600D11372 /* magneto-hw.app */;
			productType = "com.apple.product-type.application";
		};
/* End PBXNativeTarget section */

/* Begin PBXProject section */
		3CBC7AD2220E318600D11372 /* Project object */ = {
			isa = PBXProject;
			attributes = {
				LastSwiftUpdateCheck = 0920;
				LastUpgradeCheck = 0920;
				ORGANIZATIONNAME = "Andrew Clark (RIT Student)";
				TargetAttributes = {
					3CBC7AD9220E318600D11372 = {
						CreatedOnToolsVersion = 9.2;
						ProvisioningStyle = Automatic;
					};
				};
			};
			buildConfigurationList = 3CBC7AD5220E318600D11372 /* Build configuration list for PBXProject "magneto-hw" */;
			compatibilityVersion = "Xcode 8.0";
			developmentRegion = en;
			hasScannedForEncodings = 0;
			knownRegions = (
				en,
				Base,
			);
			mainGroup = 3CBC7AD1220E318600D11372;
			productRefGroup = 3CBC7ADB220E318600D11372 /* Products */;
			projectDirPath = "";
			projectRoot = "";
			targets = (
				3CBC7AD9220E318600D11372 /* magneto-hw */,
			);
		};
/* End PBXProject section */

/* Begin PBXResourcesBuildPhase section */
		3CBC7AD8220E318600D11372 /* Resources */ = {
			isa = PBXResourcesBuildPhase;
			buildActionMask = 2147483647;
			files = (
				3CBC7AE8220E318600D11372 /* LaunchScreen.storyboard in Resources */,
				3CBC7AE5220E318600D11372 /* Assets.xcassets in Resources */,
				3CBC7AE3220E318600D11372 /* Main.storyboard in Resources */,
			);
			runOnlyForDeploymentPostprocessing = 0;
		};
/* End PBXResourcesBuildPhase section */

/* Begin PBXSourcesBuildPhase section */
		3CBC7AD6220E318600D11372 /* Sources */ = {
			isa = PBXSourcesBuildPhase;
			buildActionMask = 2147483647;
			files = (
				3C5B1318221A3EB000EE8618 /* Extensions.swift in Sources */,
				3CBC7AE0220E318600D11372 /* ViewController.swift in Sources */,
				3C7B4B64221A08520076F0F7 /* WordSetVC.swift in Sources */,
				3C7B4B60221A05E00076F0F7 /* WordSets.swift in Sources */,
				3CBC7ADE220E318600D11372 /* AppDelegate.swift in Sources */,
			);
			runOnlyForDeploymentPostprocessing = 0;
		};
/* End PBXSourcesBuildPhase section */

/* Begin PBXVariantGroup section */
		3CBC7AE1220E318600D11372 /* Main.storyboard */ = {
			isa = PBXVariantGroup;
			children = (
				3CBC7AE2220E318600D11372 /* Base */,
			);
			name = Main.storyboard;
			sourceTree = "<group>";
		};
		3CBC7AE6220E318600D11372 /* LaunchScreen.storyboard */ = {
			isa = PBXVariantGroup;
			children = (
				3CBC7AE7220E318600D11372 /* Base */,
			);
			name = LaunchScreen.storyboard;
			sourceTree = "<group>";
		};
/* End PBXVariantGroup section */

/* Begin XCBuildConfiguration section */
		3CBC7AEA220E318600D11372 /* Debug */ = {
			isa = XCBuildConfiguration;
			buildSettings = {
				ALWAYS_SEARCH_USER_PATHS = NO;
				CLANG_ANALYZER_NONNULL = YES;
				CLANG_ANALYZER_NUMBER_OBJECT_CONVERSION = YES_AGGRESSIVE;
				CLANG_CXX_LANGUAGE_STANDARD = "gnu++14";
				CLANG_CXX_LIBRARY = "libc++";
				CLANG_ENABLE_MODULES = YES;
				CLANG_ENABLE_OBJC_ARC = YES;
				CLANG_WARN_BLOCK_CAPTURE_AUTORELEASING = YES;
				CLANG_WARN_BOOL_CONVERSION = YES;
				CLANG_WARN_COMMA = YES;
				CLANG_WARN_CONSTANT_CONVERSION = YES;
				CLANG_WARN_DIRECT_OBJC_ISA_USAGE = YES_ERROR;
				CLANG_WARN_DOCUMENTATION_COMMENTS = YES;
				CLANG_WARN_EMPTY_BODY = YES;
				CLANG_WARN_ENUM_CONVERSION = YES;
				CLANG_WARN_INFINITE_RECURSION = YES;
				CLANG_WARN_INT_CONVERSION = YES;
				CLANG_WARN_NON_LITERAL_NULL_CONVERSION = YES;
				CLANG_WARN_OBJC_LITERAL_CONVERSION = YES;
				CLANG_WARN_OBJC_ROOT_CLASS = YES_ERROR;
				CLANG_WARN_RANGE_LOOP_ANALYSIS = YES;
				CLANG_WARN_STRICT_PROTOTYPES = YES;
				CLANG_WARN_SUSPICIOUS_MOVE = YES;
				CLANG_WARN_UNGUARDED_AVAILABILITY = YES_AGGRESSIVE;
				CLANG_WARN_UNREACHABLE_CODE = YES;
				CLANG_WARN__DUPLICATE_METHOD_MATCH = YES;
				CODE_SIGN_IDENTITY = "iPhone Developer";
				COPY_PHASE_STRIP = NO;
				DEBUG_INFORMATION_FORMAT = dwarf;
				ENABLE_STRICT_OBJC_MSGSEND = YES;
				ENABLE_TESTABILITY = YES;
				GCC_C_LANGUAGE_STANDARD = gnu11;
				GCC_DYNAMIC_NO_PIC = NO;
				GCC_NO_COMMON_BLOCKS = YES;
				GCC_OPTIMIZATION_LEVEL = 0;
				GCC_PREPROCESSOR_DEFINITIONS = (
					"DEBUG=1",
					"$(inherited)",
				);
				GCC_WARN_64_TO_32_BIT_CONVERSION = YES;
				GCC_WARN_ABOUT_RETURN_TYPE = YES_ERROR;
				GCC_WARN_UNDECLARED_SELECTOR = YES;
				GCC_WARN_UNINITIALIZED_AUTOS = YES_AGGRESSIVE;
				GCC_WARN_UNUSED_FUNCTION = YES;
				GCC_WARN_UNUSED_VARIABLE = YES;
				IPHONEOS_DEPLOYMENT_TARGET = 11.2;
				MTL_ENABLE_DEBUG_INFO = YES;
				ONLY_ACTIVE_ARCH = YES;
				SDKROOT = iphoneos;
				SWIFT_ACTIVE_COMPILATION_CONDITIONS = DEBUG;
				SWIFT_OPTIMIZATION_LEVEL = "-Onone";
			};
			name = Debug;
		};
		3CBC7AEB220E318600D11372 /* Release */ = {
			isa = XCBuildConfiguration;
			buildSettings = {
				ALWAYS_SEARCH_USER_PATHS = NO;
				CLANG_ANALYZER_NONNULL = YES;
				CLANG_ANALYZER_NUMBER_OBJECT_CONVERSION = YES_AGGRESSIVE;
				CLANG_CXX_LANGUAGE_STANDARD = "gnu++14";
				CLANG_CXX_LIBRARY = "libc++";
				CLANG_ENABLE_MODULES = YES;
				CLANG_ENABLE_OBJC_ARC = YES;
				CLANG_WARN_BLOCK_CAPTURE_AUTORELEASING = YES;
				CLANG_WARN_BOOL_CONVERSION = YES;
				CLANG_WARN_COMMA = YES;
				CLANG_WARN_CONSTANT_CONVERSION = YES;
				CLANG_WARN_DIRECT_OBJC_ISA_USAGE = YES_ERROR;
				CLANG_WARN_DOCUMENTATION_COMMENTS = YES;
				CLANG_WARN_EMPTY_BODY = YES;
				CLANG_WARN_ENUM_CONVERSION = YES;
				CLANG_WARN_INFINITE_RECURSION = YES;
				CLANG_WARN_INT_CONVERSION = YES;
				CLANG_WARN_NON_LITERAL_NULL_CONVERSION = YES;
				CLANG_WARN_OBJC_LITERAL_CONVERSION = YES;
				CLANG_WARN_OBJC_ROOT_CLASS = YES_ERROR;
				CLANG_WARN_RANGE_LOOP_ANALYSIS = YES;
				CLANG_WARN_STRICT_PROTOTYPES = YES;
				CLANG_WARN_SUSPICIOUS_MOVE = YES;
				CLANG_WARN_UNGUARDED_AVAILABILITY = YES_AGGRESSIVE;
				CLANG_WARN_UNREACHABLE_CODE = YES;
				CLANG_WARN__DUPLICATE_METHOD_MATCH = YES;
				CODE_SIGN_IDENTITY = "iPhone Developer";
				COPY_PHASE_STRIP = NO;
				DEBUG_INFORMATION_FORMAT = "dwarf-with-dsym";
				ENABLE_NS_ASSERTIONS = NO;
				ENABLE_STRICT_OBJC_MSGSEND = YES;
				GCC_C_LANGUAGE_STANDARD = gnu11;
				GCC_NO_COMMON_BLOCKS = YES;
				GCC_WARN_64_TO_32_BIT_CONVERSION = YES;
				GCC_WARN_ABOUT_RETURN_TYPE = YES_ERROR;
				GCC_WARN_UNDECLARED_SELECTOR = YES;
				GCC_WARN_UNINITIALIZED_AUTOS = YES_AGGRESSIVE;
				GCC_WARN_UNUSED_FUNCTION = YES;
				GCC_WARN_UNUSED_VARIABLE = YES;
				IPHONEOS_DEPLOYMENT_TARGET = 11.2;
				MTL_ENABLE_DEBUG_INFO = NO;
				SDKROOT = iphoneos;
				SWIFT_OPTIMIZATION_LEVEL = "-Owholemodule";
				VALIDATE_PRODUCT = YES;
			};
			name = Release;
		};
		3CBC7AED220E318600D11372 /* Debug */ = {
			isa = XCBuildConfiguration;
			buildSettings = {
				ASSETCATALOG_COMPILER_APPICON_NAME = AppIcon;
				CODE_SIGN_STYLE = Automatic;
				DEVELOPMENT_TEAM = TJYLF7849D;
				INFOPLIST_FILE = "magneto-hw/Info.plist";
				LD_RUNPATH_SEARCH_PATHS = "$(inherited) @executable_path/Frameworks";
				PRODUCT_BUNDLE_IDENTIFIER = "magneto-hw-clark.magneto-hw";
				PRODUCT_NAME = "$(TARGET_NAME)";
				SWIFT_VERSION = 4.0;
				TARGETED_DEVICE_FAMILY = "1,2";
			};
			name = Debug;
		};
		3CBC7AEE220E318600D11372 /* Release */ = {
			isa = XCBuildConfiguration;
			buildSettings = {
				ASSETCATALOG_COMPILER_APPICON_NAME = AppIcon;
				CODE_SIGN_STYLE = Automatic;
				DEVELOPMENT_TEAM = TJYLF7849D;
				INFOPLIST_FILE = "magneto-hw/Info.plist";
				LD_RUNPATH_SEARCH_PATHS = "$(inherited) @executable_path/Frameworks";
				PRODUCT_BUNDLE_IDENTIFIER = "magneto-hw-clark.magneto-hw";
				PRODUCT_NAME = "$(TARGET_NAME)";
				SWIFT_VERSION = 4.0;
				TARGETED_DEVICE_FAMILY = "1,2";
			};
			name = Release;
		};
/* End XCBuildConfiguration section */

/* Begin XCConfigurationList section */
		3CBC7AD5220E318600D11372 /* Build configuration list for PBXProject "magneto-hw" */ = {
			isa = XCConfigurationList;
			buildConfigurations = (
				3CBC7AEA220E318600D11372 /* Debug */,
				3CBC7AEB220E318600D11372 /* Release */,
			);
			defaultConfigurationIsVisible = 0;
			defaultConfigurationName = Release;
		};
		3CBC7AEC220E318600D11372 /* Build configuration list for PBXNativeTarget "magneto-hw" */ = {
			isa = XCConfigurationList;
			buildConfigurations = (
				3CBC7AED220E318600D11372 /* Debug */,
				3CBC7AEE220E318600D11372 /* Release */,
			);
			defaultConfigurationIsVisible = 0;
			defaultConfigurationName = Release;
		};
/* End XCConfigurationList section */
	};
	rootObject = 3CBC7AD2220E318600D11372 /* Project object */;
}
