// !$*UTF8*$!
{
	archiveVersion = 1;
	classes = {
	};
	objectVersion = 48;
	objects = {

/* Begin PBXBuildFile section */
		3C8D71B2227B5BF100DEC1D2 /* TwitterViewController.swift in Sources */ = {isa = PBXBuildFile; fileRef = 3C8D71B1227B5BF100DEC1D2 /* TwitterViewController.swift */; };
		3C8D71B4227B5FCB00DEC1D2 /* TriviaViewController.swift in Sources */ = {isa = PBXBuildFile; fileRef = 3C8D71B3227B5FCB00DEC1D2 /* TriviaViewController.swift */; };
		3C9C243F226E9AE300C70118 /* TestModel.swift in Sources */ = {isa = PBXBuildFile; fileRef = 3C9C243E226E9AE300C70118 /* TestModel.swift */; };
		3C9C2442226EA14D00C70118 /* SevenElevenSerif.otf in Resources */ = {isa = PBXBuildFile; fileRef = 3C9C2441226EA14C00C70118 /* SevenElevenSerif.otf */; };
		3C9C2447226EB14C00C70118 /* CALayer.swift in Sources */ = {isa = PBXBuildFile; fileRef = 3C9C2446226EB14C00C70118 /* CALayer.swift */; };
		3CCFAD3D22655E3600F513EE /* AppDelegate.swift in Sources */ = {isa = PBXBuildFile; fileRef = 3CCFAD3C22655E3600F513EE /* AppDelegate.swift */; };
		3CCFAD3F22655E3600F513EE /* ViewController.swift in Sources */ = {isa = PBXBuildFile; fileRef = 3CCFAD3E22655E3600F513EE /* ViewController.swift */; };
		3CCFAD4222655E3600F513EE /* Main.storyboard in Resources */ = {isa = PBXBuildFile; fileRef = 3CCFAD4022655E3600F513EE /* Main.storyboard */; };
		3CCFAD4422655E3600F513EE /* Assets.xcassets in Resources */ = {isa = PBXBuildFile; fileRef = 3CCFAD4322655E3600F513EE /* Assets.xcassets */; };
		3CCFAD4722655E3600F513EE /* LaunchScreen.storyboard in Resources */ = {isa = PBXBuildFile; fileRef = 3CCFAD4522655E3600F513EE /* LaunchScreen.storyboard */; };
		3CCFAD5322656A3800F513EE /* MyCollectionViewCell.swift in Sources */ = {isa = PBXBuildFile; fileRef = 3CCFAD5222656A3800F513EE /* MyCollectionViewCell.swift */; };
		3CCFAD57226570B700F513EE /* DetailsViewController.swift in Sources */ = {isa = PBXBuildFile; fileRef = 3CCFAD56226570B700F513EE /* DetailsViewController.swift */; };
		3CD09355227ABF5B00DA449E /* Character.swift in Sources */ = {isa = PBXBuildFile; fileRef = 3CD09354227ABF5B00DA449E /* Character.swift */; };
		3CD09357227ABFE000DA449E /* Roster.swift in Sources */ = {isa = PBXBuildFile; fileRef = 3CD09356227ABFE000DA449E /* Roster.swift */; };
		3CD0935A227AC2EC00DA449E /* characters.json in Resources */ = {isa = PBXBuildFile; fileRef = 3CD09351227ABD6200DA449E /* characters.json */; };
/* End PBXBuildFile section */

/* Begin PBXFileReference section */
		3C8D71B1227B5BF100DEC1D2 /* TwitterViewController.swift */ = {isa = PBXFileReference; lastKnownFileType = sourcecode.swift; path = TwitterViewController.swift; sourceTree = "<group>"; };
		3C8D71B3227B5FCB00DEC1D2 /* TriviaViewController.swift */ = {isa = PBXFileReference; lastKnownFileType = sourcecode.swift; path = TriviaViewController.swift; sourceTree = "<group>"; };
		3C9C243E226E9AE300C70118 /* TestModel.swift */ = {isa = PBXFileReference; lastKnownFileType = sourcecode.swift; path = TestModel.swift; sourceTree = "<group>"; };
		3C9C2441226EA14C00C70118 /* SevenElevenSerif.otf */ = {isa = PBXFileReference; lastKnownFileType = file; path = SevenElevenSerif.otf; sourceTree = "<group>"; };
		3C9C2446226EB14C00C70118 /* CALayer.swift */ = {isa = PBXFileReference; lastKnownFileType = sourcecode.swift; path = CALayer.swift; sourceTree = "<group>"; };
		3CCFAD3922655E3600F513EE /* Project-2.app */ = {isa = PBXFileReference; explicitFileType = wrapper.application; includeInIndex = 0; path = "Project-2.app"; sourceTree = BUILT_PRODUCTS_DIR; };
		3CCFAD3C22655E3600F513EE /* AppDelegate.swift */ = {isa = PBXFileReference; lastKnownFileType = sourcecode.swift; path = AppDelegate.swift; sourceTree = "<group>"; };
		3CCFAD3E22655E3600F513EE /* ViewController.swift */ = {isa = PBXFileReference; lastKnownFileType = sourcecode.swift; path = ViewController.swift; sourceTree = "<group>"; };
		3CCFAD4122655E3600F513EE /* Base */ = {isa = PBXFileReference; lastKnownFileType = file.storyboard; name = Base; path = Base.lproj/Main.storyboard; sourceTree = "<group>"; };
		3CCFAD4322655E3600F513EE /* Assets.xcassets */ = {isa = PBXFileReference; lastKnownFileType = folder.assetcatalog; path = Assets.xcassets; sourceTree = "<group>"; };
		3CCFAD4622655E3600F513EE /* Base */ = {isa = PBXFileReference; lastKnownFileType = file.storyboard; name = Base; path = Base.lproj/LaunchScreen.storyboard; sourceTree = "<group>"; };
		3CCFAD4822655E3600F513EE /* Info.plist */ = {isa = PBXFileReference; lastKnownFileType = text.plist.xml; path = Info.plist; sourceTree = "<group>"; };
		3CCFAD5222656A3800F513EE /* MyCollectionViewCell.swift */ = {isa = PBXFileReference; lastKnownFileType = sourcecode.swift; path = MyCollectionViewCell.swift; sourceTree = "<group>"; };
		3CCFAD56226570B700F513EE /* DetailsViewController.swift */ = {isa = PBXFileReference; lastKnownFileType = sourcecode.swift; path = DetailsViewController.swift; sourceTree = "<group>"; };
		3CD09351227ABD6200DA449E /* characters.json */ = {isa = PBXFileReference; lastKnownFileType = text.json; path = characters.json; sourceTree = "<group>"; };
		3CD09354227ABF5B00DA449E /* Character.swift */ = {isa = PBXFileReference; lastKnownFileType = sourcecode.swift; path = Character.swift; sourceTree = "<group>"; };
		3CD09356227ABFE000DA449E /* Roster.swift */ = {isa = PBXFileReference; lastKnownFileType = sourcecode.swift; path = Roster.swift; sourceTree = "<group>"; };
/* End PBXFileReference section */

/* Begin PBXFrameworksBuildPhase section */
		3CCFAD3622655E3600F513EE /* Frameworks */ = {
			isa = PBXFrameworksBuildPhase;
			buildActionMask = 2147483647;
			files = (
			);
			runOnlyForDeploymentPostprocessing = 0;
		};
/* End PBXFrameworksBuildPhase section */

/* Begin PBXGroup section */
		3C9C243D226E9AD800C70118 /* Model */ = {
			isa = PBXGroup;
			children = (
				3C9C243E226E9AE300C70118 /* TestModel.swift */,
				3CD09354227ABF5B00DA449E /* Character.swift */,
				3CD09356227ABFE000DA449E /* Roster.swift */,
			);
			path = Model;
			sourceTree = "<group>";
		};
		3C9C2440226EA12900C70118 /* fonts */ = {
			isa = PBXGroup;
			children = (
				3C9C2441226EA14C00C70118 /* SevenElevenSerif.otf */,
			);
			path = fonts;
			sourceTree = "<group>";
		};
		3C9C2443226EB09F00C70118 /* extensions */ = {
			isa = PBXGroup;
			children = (
				3C9C2446226EB14C00C70118 /* CALayer.swift */,
			);
			path = extensions;
			sourceTree = "<group>";
		};
		3CCFAD3022655E3600F513EE = {
			isa = PBXGroup;
			children = (
				3CCFAD3B22655E3600F513EE /* Project-2 */,
				3CCFAD3A22655E3600F513EE /* Products */,
			);
			sourceTree = "<group>";
		};
		3CCFAD3A22655E3600F513EE /* Products */ = {
			isa = PBXGroup;
			children = (
				3CCFAD3922655E3600F513EE /* Project-2.app */,
			);
			name = Products;
			sourceTree = "<group>";
		};
		3CCFAD3B22655E3600F513EE /* Project-2 */ = {
			isa = PBXGroup;
			children = (
				3CCFAD3C22655E3600F513EE /* AppDelegate.swift */,
				3C9C2443226EB09F00C70118 /* extensions */,
				3C9C2440226EA12900C70118 /* fonts */,
				3C9C243D226E9AD800C70118 /* Model */,
				3CCFAD5022656A0800F513EE /* Controllers */,
				3CCFAD4F22656A0400F513EE /* Views */,
				3CD09350227ABBA700DA449E /* Data */,
				3CCFAD4022655E3600F513EE /* Main.storyboard */,
				3CCFAD4322655E3600F513EE /* Assets.xcassets */,
				3CCFAD4522655E3600F513EE /* LaunchScreen.storyboard */,
				3CCFAD4822655E3600F513EE /* Info.plist */,
			);
			path = "Project-2";
			sourceTree = "<group>";
		};
		3CCFAD4F22656A0400F513EE /* Views */ = {
			isa = PBXGroup;
			children = (
				3CCFAD5222656A3800F513EE /* MyCollectionViewCell.swift */,
			);
			path = Views;
			sourceTree = "<group>";
		};
		3CCFAD5022656A0800F513EE /* Controllers */ = {
			isa = PBXGroup;
			children = (
				3CCFAD3E22655E3600F513EE /* ViewController.swift */,
				3CCFAD56226570B700F513EE /* DetailsViewController.swift */,
				3C8D71B1227B5BF100DEC1D2 /* TwitterViewController.swift */,
				3C8D71B3227B5FCB00DEC1D2 /* TriviaViewController.swift */,
			);
			path = Controllers;
			sourceTree = "<group>";
		};
		3CD09350227ABBA700DA449E /* Data */ = {
			isa = PBXGroup;
			children = (
				3CD09351227ABD6200DA449E /* characters.json */,
			);
			path = Data;
			sourceTree = "<group>";
		};
/* End PBXGroup section */

/* Begin PBXNativeTarget section */
		3CCFAD3822655E3600F513EE /* Project-2 */ = {
			isa = PBXNativeTarget;
			buildConfigurationList = 3CCFAD4B22655E3600F513EE /* Build configuration list for PBXNativeTarget "Project-2" */;
			buildPhases = (
				3CCFAD3522655E3600F513EE /* Sources */,
				3CCFAD3622655E3600F513EE /* Frameworks */,
				3CCFAD3722655E3600F513EE /* Resources */,
			);
			buildRules = (
			);
			dependencies = (
			);
			name = "Project-2";
			productName = "Project-2";
			productReference = 3CCFAD3922655E3600F513EE /* Project-2.app */;
			productType = "com.apple.product-type.application";
		};
/* End PBXNativeTarget section */

/* Begin PBXProject section */
		3CCFAD3122655E3600F513EE /* Project object */ = {
			isa = PBXProject;
			attributes = {
				LastSwiftUpdateCheck = 0920;
				LastUpgradeCheck = 0920;
				ORGANIZATIONNAME = "Andrew Clark (RIT Student)";
				TargetAttributes = {
					3CCFAD3822655E3600F513EE = {
						CreatedOnToolsVersion = 9.2;
						ProvisioningStyle = Automatic;
					};
				};
			};
			buildConfigurationList = 3CCFAD3422655E3600F513EE /* Build configuration list for PBXProject "Project-2" */;
			compatibilityVersion = "Xcode 8.0";
			developmentRegion = en;
			hasScannedForEncodings = 0;
			knownRegions = (
				en,
				Base,
			);
			mainGroup = 3CCFAD3022655E3600F513EE;
			productRefGroup = 3CCFAD3A22655E3600F513EE /* Products */;
			projectDirPath = "";
			projectRoot = "";
			targets = (
				3CCFAD3822655E3600F513EE /* Project-2 */,
			);
		};
/* End PBXProject section */

/* Begin PBXResourcesBuildPhase section */
		3CCFAD3722655E3600F513EE /* Resources */ = {
			isa = PBXResourcesBuildPhase;
			buildActionMask = 2147483647;
			files = (
				3C9C2442226EA14D00C70118 /* SevenElevenSerif.otf in Resources */,
				3CCFAD4722655E3600F513EE /* LaunchScreen.storyboard in Resources */,
				3CCFAD4422655E3600F513EE /* Assets.xcassets in Resources */,
				3CD0935A227AC2EC00DA449E /* characters.json in Resources */,
				3CCFAD4222655E3600F513EE /* Main.storyboard in Resources */,
			);
			runOnlyForDeploymentPostprocessing = 0;
		};
/* End PBXResourcesBuildPhase section */

/* Begin PBXSourcesBuildPhase section */
		3CCFAD3522655E3600F513EE /* Sources */ = {
			isa = PBXSourcesBuildPhase;
			buildActionMask = 2147483647;
			files = (
				3CD09355227ABF5B00DA449E /* Character.swift in Sources */,
				3CCFAD3F22655E3600F513EE /* ViewController.swift in Sources */,
				3CCFAD3D22655E3600F513EE /* AppDelegate.swift in Sources */,
				3C9C243F226E9AE300C70118 /* TestModel.swift in Sources */,
				3C9C2447226EB14C00C70118 /* CALayer.swift in Sources */,
				3C8D71B4227B5FCB00DEC1D2 /* TriviaViewController.swift in Sources */,
				3CCFAD5322656A3800F513EE /* MyCollectionViewCell.swift in Sources */,
				3C8D71B2227B5BF100DEC1D2 /* TwitterViewController.swift in Sources */,
				3CD09357227ABFE000DA449E /* Roster.swift in Sources */,
				3CCFAD57226570B700F513EE /* DetailsViewController.swift in Sources */,
			);
			runOnlyForDeploymentPostprocessing = 0;
		};
/* End PBXSourcesBuildPhase section */

/* Begin PBXVariantGroup section */
		3CCFAD4022655E3600F513EE /* Main.storyboard */ = {
			isa = PBXVariantGroup;
			children = (
				3CCFAD4122655E3600F513EE /* Base */,
			);
			name = Main.storyboard;
			sourceTree = "<group>";
		};
		3CCFAD4522655E3600F513EE /* LaunchScreen.storyboard */ = {
			isa = PBXVariantGroup;
			children = (
				3CCFAD4622655E3600F513EE /* Base */,
			);
			name = LaunchScreen.storyboard;
			sourceTree = "<group>";
		};
/* End PBXVariantGroup section */

/* Begin XCBuildConfiguration section */
		3CCFAD4922655E3600F513EE /* Debug */ = {
			isa = XCBuildConfiguration;
			buildSettings = {
				ALWAYS_SEARCH_USER_PATHS = NO;
				CLANG_ANALYZER_NONNULL = YES;
				CLANG_ANALYZER_NUMBER_OBJECT_CONVERSION = YES_AGGRESSIVE;
				CLANG_CXX_LANGUAGE_STANDARD = "gnu++14";
				CLANG_CXX_LIBRARY = "libc++";
				CLANG_ENABLE_MODULES = YES;
				CLANG_ENABLE_OBJC_ARC = YES;
				CLANG_WARN_BLOCK_CAPTURE_AUTORELEASING = YES;
				CLANG_WARN_BOOL_CONVERSION = YES;
				CLANG_WARN_COMMA = YES;
				CLANG_WARN_CONSTANT_CONVERSION = YES;
				CLANG_WARN_DIRECT_OBJC_ISA_USAGE = YES_ERROR;
				CLANG_WARN_DOCUMENTATION_COMMENTS = YES;
				CLANG_WARN_EMPTY_BODY = YES;
				CLANG_WARN_ENUM_CONVERSION = YES;
				CLANG_WARN_INFINITE_RECURSION = YES;
				CLANG_WARN_INT_CONVERSION = YES;
				CLANG_WARN_NON_LITERAL_NULL_CONVERSION = YES;
				CLANG_WARN_OBJC_LITERAL_CONVERSION = YES;
				CLANG_WARN_OBJC_ROOT_CLASS = YES_ERROR;
				CLANG_WARN_RANGE_LOOP_ANALYSIS = YES;
				CLANG_WARN_STRICT_PROTOTYPES = YES;
				CLANG_WARN_SUSPICIOUS_MOVE = YES;
				CLANG_WARN_UNGUARDED_AVAILABILITY = YES_AGGRESSIVE;
				CLANG_WARN_UNREACHABLE_CODE = YES;
				CLANG_WARN__DUPLICATE_METHOD_MATCH = YES;
				CODE_SIGN_IDENTITY = "iPhone Developer";
				COPY_PHASE_STRIP = NO;
				DEBUG_INFORMATION_FORMAT = dwarf;
				ENABLE_STRICT_OBJC_MSGSEND = YES;
				ENABLE_TESTABILITY = YES;
				GCC_C_LANGUAGE_STANDARD = gnu11;
				GCC_DYNAMIC_NO_PIC = NO;
				GCC_NO_COMMON_BLOCKS = YES;
				GCC_OPTIMIZATION_LEVEL = 0;
				GCC_PREPROCESSOR_DEFINITIONS = (
					"DEBUG=1",
					"$(inherited)",
				);
				GCC_WARN_64_TO_32_BIT_CONVERSION = YES;
				GCC_WARN_ABOUT_RETURN_TYPE = YES_ERROR;
				GCC_WARN_UNDECLARED_SELECTOR = YES;
				GCC_WARN_UNINITIALIZED_AUTOS = YES_AGGRESSIVE;
				GCC_WARN_UNUSED_FUNCTION = YES;
				GCC_WARN_UNUSED_VARIABLE = YES;
				IPHONEOS_DEPLOYMENT_TARGET = 11.2;
				MTL_ENABLE_DEBUG_INFO = YES;
				ONLY_ACTIVE_ARCH = YES;
				SDKROOT = iphoneos;
				SWIFT_ACTIVE_COMPILATION_CONDITIONS = DEBUG;
				SWIFT_OPTIMIZATION_LEVEL = "-Onone";
			};
			name = Debug;
		};
		3CCFAD4A22655E3600F513EE /* Release */ = {
			isa = XCBuildConfiguration;
			buildSettings = {
				ALWAYS_SEARCH_USER_PATHS = NO;
				CLANG_ANALYZER_NONNULL = YES;
				CLANG_ANALYZER_NUMBER_OBJECT_CONVERSION = YES_AGGRESSIVE;
				CLANG_CXX_LANGUAGE_STANDARD = "gnu++14";
				CLANG_CXX_LIBRARY = "libc++";
				CLANG_ENABLE_MODULES = YES;
				CLANG_ENABLE_OBJC_ARC = YES;
				CLANG_WARN_BLOCK_CAPTURE_AUTORELEASING = YES;
				CLANG_WARN_BOOL_CONVERSION = YES;
				CLANG_WARN_COMMA = YES;
				CLANG_WARN_CONSTANT_CONVERSION = YES;
				CLANG_WARN_DIRECT_OBJC_ISA_USAGE = YES_ERROR;
				CLANG_WARN_DOCUMENTATION_COMMENTS = YES;
				CLANG_WARN_EMPTY_BODY = YES;
				CLANG_WARN_ENUM_CONVERSION = YES;
				CLANG_WARN_INFINITE_RECURSION = YES;
				CLANG_WARN_INT_CONVERSION = YES;
				CLANG_WARN_NON_LITERAL_NULL_CONVERSION = YES;
				CLANG_WARN_OBJC_LITERAL_CONVERSION = YES;
				CLANG_WARN_OBJC_ROOT_CLASS = YES_ERROR;
				CLANG_WARN_RANGE_LOOP_ANALYSIS = YES;
				CLANG_WARN_STRICT_PROTOTYPES = YES;
				CLANG_WARN_SUSPICIOUS_MOVE = YES;
				CLANG_WARN_UNGUARDED_AVAILABILITY = YES_AGGRESSIVE;
				CLANG_WARN_UNREACHABLE_CODE = YES;
				CLANG_WARN__DUPLICATE_METHOD_MATCH = YES;
				CODE_SIGN_IDENTITY = "iPhone Developer";
				COPY_PHASE_STRIP = NO;
				DEBUG_INFORMATION_FORMAT = "dwarf-with-dsym";
				ENABLE_NS_ASSERTIONS = NO;
				ENABLE_STRICT_OBJC_MSGSEND = YES;
				GCC_C_LANGUAGE_STANDARD = gnu11;
				GCC_NO_COMMON_BLOCKS = YES;
				GCC_WARN_64_TO_32_BIT_CONVERSION = YES;
				GCC_WARN_ABOUT_RETURN_TYPE = YES_ERROR;
				GCC_WARN_UNDECLARED_SELECTOR = YES;
				GCC_WARN_UNINITIALIZED_AUTOS = YES_AGGRESSIVE;
				GCC_WARN_UNUSED_FUNCTION = YES;
				GCC_WARN_UNUSED_VARIABLE = YES;
				IPHONEOS_DEPLOYMENT_TARGET = 11.2;
				MTL_ENABLE_DEBUG_INFO = NO;
				SDKROOT = iphoneos;
				SWIFT_OPTIMIZATION_LEVEL = "-Owholemodule";
				VALIDATE_PRODUCT = YES;
			};
			name = Release;
		};
		3CCFAD4C22655E3600F513EE /* Debug */ = {
			isa = XCBuildConfiguration;
			buildSettings = {
				ASSETCATALOG_COMPILER_APPICON_NAME = AppIcon;
				CODE_SIGN_STYLE = Automatic;
				INFOPLIST_FILE = "Project-2/Info.plist";
				LD_RUNPATH_SEARCH_PATHS = "$(inherited) @executable_path/Frameworks";
				PRODUCT_BUNDLE_IDENTIFIER = "Clark-Andrew.Project-2";
				PRODUCT_NAME = "$(TARGET_NAME)";
				SWIFT_VERSION = 4.0;
				TARGETED_DEVICE_FAMILY = "1,2";
			};
			name = Debug;
		};
		3CCFAD4D22655E3600F513EE /* Release */ = {
			isa = XCBuildConfiguration;
			buildSettings = {
				ASSETCATALOG_COMPILER_APPICON_NAME = AppIcon;
				CODE_SIGN_STYLE = Automatic;
				INFOPLIST_FILE = "Project-2/Info.plist";
				LD_RUNPATH_SEARCH_PATHS = "$(inherited) @executable_path/Frameworks";
				PRODUCT_BUNDLE_IDENTIFIER = "Clark-Andrew.Project-2";
				PRODUCT_NAME = "$(TARGET_NAME)";
				SWIFT_VERSION = 4.0;
				TARGETED_DEVICE_FAMILY = "1,2";
			};
			name = Release;
		};
/* End XCBuildConfiguration section */

/* Begin XCConfigurationList section */
		3CCFAD3422655E3600F513EE /* Build configuration list for PBXProject "Project-2" */ = {
			isa = XCConfigurationList;
			buildConfigurations = (
				3CCFAD4922655E3600F513EE /* Debug */,
				3CCFAD4A22655E3600F513EE /* Release */,
			);
			defaultConfigurationIsVisible = 0;
			defaultConfigurationName = Release;
		};
		3CCFAD4B22655E3600F513EE /* Build configuration list for PBXNativeTarget "Project-2" */ = {
			isa = XCConfigurationList;
			buildConfigurations = (
				3CCFAD4C22655E3600F513EE /* Debug */,
				3CCFAD4D22655E3600F513EE /* Release */,
			);
			defaultConfigurationIsVisible = 0;
			defaultConfigurationName = Release;
		};
/* End XCConfigurationList section */
	};
	rootObject = 3CCFAD3122655E3600F513EE /* Project object */;
}
