// !$*UTF8*$!
{
	archiveVersion = 1;
	classes = {
	};
	objectVersion = 51;
	objects = {

/* Begin PBXBuildFile section */
		3F4EB1CA22540FF6009F0504 /* AddBookmarkVC.swift in Sources */ = {isa = PBXBuildFile; fileRef = 3F4EB1C922540FF6009F0504 /* AddBookmarkVC.swift */; };
		8467EC751DBD0487006B921E /* AppDelegate.swift in Sources */ = {isa = PBXBuildFile; fileRef = 8467EC741DBD0487006B921E /* AppDelegate.swift */; };
		8467EC7A1DBD0487006B921E /* Main.storyboard in Resources */ = {isa = PBXBuildFile; fileRef = 8467EC781DBD0487006B921E /* Main.storyboard */; };
		8467EC7C1DBD0487006B921E /* Assets.xcassets in Resources */ = {isa = PBXBuildFile; fileRef = 8467EC7B1DBD0487006B921E /* Assets.xcassets */; };
		8467EC7F1DBD0487006B921E /* LaunchScreen.storyboard in Resources */ = {isa = PBXBuildFile; fileRef = 8467EC7D1DBD0487006B921E /* LaunchScreen.storyboard */; };
		8467EC891DBD04EF006B921E /* Bookmark.swift in Sources */ = {isa = PBXBuildFile; fileRef = 8467EC881DBD04EF006B921E /* Bookmark.swift */; };
		8467EC8B1DBD05C3006B921E /* BookmarkTableVC.swift in Sources */ = {isa = PBXBuildFile; fileRef = 8467EC8A1DBD05C3006B921E /* BookmarkTableVC.swift */; };
		8467EC8D1DBD0792006B921E /* BookmarkDetailTableVC.swift in Sources */ = {isa = PBXBuildFile; fileRef = 8467EC8C1DBD0792006B921E /* BookmarkDetailTableVC.swift */; };
/* End PBXBuildFile section */

/* Begin PBXFileReference section */
		3F4EB1C922540FF6009F0504 /* AddBookmarkVC.swift */ = {isa = PBXFileReference; lastKnownFileType = sourcecode.swift; path = AddBookmarkVC.swift; sourceTree = "<group>"; };
		8467EC711DBD0487006B921E /* Bookmarker.app */ = {isa = PBXFileReference; explicitFileType = wrapper.application; includeInIndex = 0; path = Bookmarker.app; sourceTree = BUILT_PRODUCTS_DIR; };
		8467EC741DBD0487006B921E /* AppDelegate.swift */ = {isa = PBXFileReference; lastKnownFileType = sourcecode.swift; path = AppDelegate.swift; sourceTree = "<group>"; };
		8467EC791DBD0487006B921E /* Base */ = {isa = PBXFileReference; lastKnownFileType = file.storyboard; name = Base; path = Base.lproj/Main.storyboard; sourceTree = "<group>"; };
		8467EC7B1DBD0487006B921E /* Assets.xcassets */ = {isa = PBXFileReference; lastKnownFileType = folder.assetcatalog; path = Assets.xcassets; sourceTree = "<group>"; };
		8467EC7E1DBD0487006B921E /* Base */ = {isa = PBXFileReference; lastKnownFileType = file.storyboard; name = Base; path = Base.lproj/LaunchScreen.storyboard; sourceTree = "<group>"; };
		8467EC801DBD0487006B921E /* Info.plist */ = {isa = PBXFileReference; lastKnownFileType = text.plist.xml; path = Info.plist; sourceTree = "<group>"; };
		8467EC881DBD04EF006B921E /* Bookmark.swift */ = {isa = PBXFileReference; fileEncoding = 4; lastKnownFileType = sourcecode.swift; path = Bookmark.swift; sourceTree = "<group>"; };
		8467EC8A1DBD05C3006B921E /* BookmarkTableVC.swift */ = {isa = PBXFileReference; fileEncoding = 4; lastKnownFileType = sourcecode.swift; path = BookmarkTableVC.swift; sourceTree = "<group>"; };
		8467EC8C1DBD0792006B921E /* BookmarkDetailTableVC.swift */ = {isa = PBXFileReference; fileEncoding = 4; lastKnownFileType = sourcecode.swift; path = BookmarkDetailTableVC.swift; sourceTree = "<group>"; };
/* End PBXFileReference section */

/* Begin PBXFrameworksBuildPhase section */
		8467EC6E1DBD0487006B921E /* Frameworks */ = {
			isa = PBXFrameworksBuildPhase;
			buildActionMask = 2147483647;
			files = (
			);
			runOnlyForDeploymentPostprocessing = 0;
		};
/* End PBXFrameworksBuildPhase section */

/* Begin PBXGroup section */
		8467EC681DBD0487006B921E = {
			isa = PBXGroup;
			children = (
				8467EC731DBD0487006B921E /* Bookmarker */,
				8467EC721DBD0487006B921E /* Products */,
			);
			sourceTree = "<group>";
		};
		8467EC721DBD0487006B921E /* Products */ = {
			isa = PBXGroup;
			children = (
				8467EC711DBD0487006B921E /* Bookmarker.app */,
			);
			name = Products;
			sourceTree = "<group>";
		};
		8467EC731DBD0487006B921E /* Bookmarker */ = {
			isa = PBXGroup;
			children = (
				8467EC741DBD0487006B921E /* AppDelegate.swift */,
				8467EC871DBD04DB006B921E /* VC */,
				8467EC861DBD04D0006B921E /* Model */,
				8467EC781DBD0487006B921E /* Main.storyboard */,
				8467EC7B1DBD0487006B921E /* Assets.xcassets */,
				8467EC7D1DBD0487006B921E /* LaunchScreen.storyboard */,
				8467EC801DBD0487006B921E /* Info.plist */,
			);
			path = Bookmarker;
			sourceTree = "<group>";
		};
		8467EC861DBD04D0006B921E /* Model */ = {
			isa = PBXGroup;
			children = (
				8467EC881DBD04EF006B921E /* Bookmark.swift */,
			);
			name = Model;
			sourceTree = "<group>";
		};
		8467EC871DBD04DB006B921E /* VC */ = {
			isa = PBXGroup;
			children = (
				8467EC8A1DBD05C3006B921E /* BookmarkTableVC.swift */,
				8467EC8C1DBD0792006B921E /* BookmarkDetailTableVC.swift */,
				3F4EB1C922540FF6009F0504 /* AddBookmarkVC.swift */,
			);
			name = VC;
			sourceTree = "<group>";
		};
/* End PBXGroup section */

/* Begin PBXNativeTarget section */
		8467EC701DBD0487006B921E /* Bookmarker */ = {
			isa = PBXNativeTarget;
			buildConfigurationList = 8467EC831DBD0487006B921E /* Build configuration list for PBXNativeTarget "Bookmarker" */;
			buildPhases = (
				8467EC6D1DBD0487006B921E /* Sources */,
				8467EC6E1DBD0487006B921E /* Frameworks */,
				8467EC6F1DBD0487006B921E /* Resources */,
			);
			buildRules = (
			);
			dependencies = (
			);
			name = Bookmarker;
			productName = Bookmarker;
			productReference = 8467EC711DBD0487006B921E /* Bookmarker.app */;
			productType = "com.apple.product-type.application";
		};
/* End PBXNativeTarget section */

/* Begin PBXProject section */
		8467EC691DBD0487006B921E /* Project object */ = {
			isa = PBXProject;
			attributes = {
				LastSwiftUpdateCheck = 0800;
				LastUpgradeCheck = 1020;
				ORGANIZATIONNAME = tony;
				TargetAttributes = {
					8467EC701DBD0487006B921E = {
						CreatedOnToolsVersion = 8.0;
						LastSwiftMigration = 0920;
					};
				};
			};
			buildConfigurationList = 8467EC6C1DBD0487006B921E /* Build configuration list for PBXProject "Bookmarker" */;
			compatibilityVersion = "Xcode 10.0";
			developmentRegion = English;
			hasScannedForEncodings = 0;
			knownRegions = (
				English,
				en,
				Base,
			);
			mainGroup = 8467EC681DBD0487006B921E;
			productRefGroup = 8467EC721DBD0487006B921E /* Products */;
			projectDirPath = "";
			projectRoot = "";
			targets = (
				8467EC701DBD0487006B921E /* Bookmarker */,
			);
		};
/* End PBXProject section */

/* Begin PBXResourcesBuildPhase section */
		8467EC6F1DBD0487006B921E /* Resources */ = {
			isa = PBXResourcesBuildPhase;
			buildActionMask = 2147483647;
			files = (
				8467EC7F1DBD0487006B921E /* LaunchScreen.storyboard in Resources */,
				8467EC7C1DBD0487006B921E /* Assets.xcassets in Resources */,
				8467EC7A1DBD0487006B921E /* Main.storyboard in Resources */,
			);
			runOnlyForDeploymentPostprocessing = 0;
		};
/* End PBXResourcesBuildPhase section */

/* Begin PBXSourcesBuildPhase section */
		8467EC6D1DBD0487006B921E /* Sources */ = {
			isa = PBXSourcesBuildPhase;
			buildActionMask = 2147483647;
			files = (
				8467EC8D1DBD0792006B921E /* BookmarkDetailTableVC.swift in Sources */,
				8467EC751DBD0487006B921E /* AppDelegate.swift in Sources */,
				8467EC891DBD04EF006B921E /* Bookmark.swift in Sources */,
				3F4EB1CA22540FF6009F0504 /* AddBookmarkVC.swift in Sources */,
				8467EC8B1DBD05C3006B921E /* BookmarkTableVC.swift in Sources */,
			);
			runOnlyForDeploymentPostprocessing = 0;
		};
/* End PBXSourcesBuildPhase section */

/* Begin PBXVariantGroup section */
		8467EC781DBD0487006B921E /* Main.storyboard */ = {
			isa = PBXVariantGroup;
			children = (
				8467EC791DBD0487006B921E /* Base */,
			);
			name = Main.storyboard;
			sourceTree = "<group>";
		};
		8467EC7D1DBD0487006B921E /* LaunchScreen.storyboard */ = {
			isa = PBXVariantGroup;
			children = (
				8467EC7E1DBD0487006B921E /* Base */,
			);
			name = LaunchScreen.storyboard;
			sourceTree = "<group>";
		};
/* End PBXVariantGroup section */

/* Begin XCBuildConfiguration section */
		8467EC811DBD0487006B921E /* Debug */ = {
			isa = XCBuildConfiguration;
			buildSettings = {
				ALWAYS_SEARCH_USER_PATHS = NO;
				CLANG_ANALYZER_LOCALIZABILITY_NONLOCALIZED = YES;
				CLANG_ANALYZER_NONNULL = YES;
				CLANG_CXX_LANGUAGE_STANDARD = "gnu++0x";
				CLANG_CXX_LIBRARY = "libc++";
				CLANG_ENABLE_MODULES = YES;
				CLANG_ENABLE_OBJC_ARC = YES;
				CLANG_WARN_BLOCK_CAPTURE_AUTORELEASING = YES;
				CLANG_WARN_BOOL_CONVERSION = YES;
				CLANG_WARN_COMMA = YES;
				CLANG_WARN_CONSTANT_CONVERSION = YES;
				CLANG_WARN_DEPRECATED_OBJC_IMPLEMENTATIONS = YES;
				CLANG_WARN_DIRECT_OBJC_ISA_USAGE = YES_ERROR;
				CLANG_WARN_DOCUMENTATION_COMMENTS = YES;
				CLANG_WARN_EMPTY_BODY = YES;
				CLANG_WARN_ENUM_CONVERSION = YES;
				CLANG_WARN_INFINITE_RECURSION = YES;
				CLANG_WARN_INT_CONVERSION = YES;
				CLANG_WARN_NON_LITERAL_NULL_CONVERSION = YES;
				CLANG_WARN_OBJC_IMPLICIT_RETAIN_SELF = YES;
				CLANG_WARN_OBJC_LITERAL_CONVERSION = YES;
				CLANG_WARN_OBJC_ROOT_CLASS = YES_ERROR;
				CLANG_WARN_RANGE_LOOP_ANALYSIS = YES;
				CLANG_WARN_STRICT_PROTOTYPES = YES;
				CLANG_WARN_SUSPICIOUS_MOVE = YES;
				CLANG_WARN_SUSPICIOUS_MOVES = YES;
				CLANG_WARN_UNREACHABLE_CODE = YES;
				CLANG_WARN__DUPLICATE_METHOD_MATCH = YES;
				"CODE_SIGN_IDENTITY[sdk=iphoneos*]" = "iPhone Developer";
				COPY_PHASE_STRIP = NO;
				DEBUG_INFORMATION_FORMAT = dwarf;
				ENABLE_STRICT_OBJC_MSGSEND = YES;
				ENABLE_TESTABILITY = YES;
				GCC_C_LANGUAGE_STANDARD = gnu99;
				GCC_DYNAMIC_NO_PIC = NO;
				GCC_NO_COMMON_BLOCKS = YES;
				GCC_OPTIMIZATION_LEVEL = 0;
				GCC_PREPROCESSOR_DEFINITIONS = (
					"DEBUG=1",
					"$(inherited)",
				);
				GCC_WARN_64_TO_32_BIT_CONVERSION = YES;
				GCC_WARN_ABOUT_RETURN_TYPE = YES_ERROR;
				GCC_WARN_UNDECLARED_SELECTOR = YES;
				GCC_WARN_UNINITIALIZED_AUTOS = YES_AGGRESSIVE;
				GCC_WARN_UNUSED_FUNCTION = YES;
				GCC_WARN_UNUSED_VARIABLE = YES;
				IPHONEOS_DEPLOYMENT_TARGET = 12.1;
				MTL_ENABLE_DEBUG_INFO = YES;
				ONLY_ACTIVE_ARCH = YES;
				SDKROOT = iphoneos;
				SWIFT_ACTIVE_COMPILATION_CONDITIONS = DEBUG;
				SWIFT_OPTIMIZATION_LEVEL = "-Onone";
				TARGETED_DEVICE_FAMILY = "1,2";
			};
			name = Debug;
		};
		8467EC821DBD0487006B921E /* Release */ = {
			isa = XCBuildConfiguration;
			buildSettings = {
				ALWAYS_SEARCH_USER_PATHS = NO;
				CLANG_ANALYZER_LOCALIZABILITY_NONLOCALIZED = YES;
				CLANG_ANALYZER_NONNULL = YES;
				CLANG_CXX_LANGUAGE_STANDARD = "gnu++0x";
				CLANG_CXX_LIBRARY = "libc++";
				CLANG_ENABLE_MODULES = YES;
				CLANG_ENABLE_OBJC_ARC = YES;
				CLANG_WARN_BLOCK_CAPTURE_AUTORELEASING = YES;
				CLANG_WARN_BOOL_CONVERSION = YES;
				CLANG_WARN_COMMA = YES;
				CLANG_WARN_CONSTANT_CONVERSION = YES;
				CLANG_WARN_DEPRECATED_OBJC_IMPLEMENTATIONS = YES;
				CLANG_WARN_DIRECT_OBJC_ISA_USAGE = YES_ERROR;
				CLANG_WARN_DOCUMENTATION_COMMENTS = YES;
				CLANG_WARN_EMPTY_BODY = YES;
				CLANG_WARN_ENUM_CONVERSION = YES;
				CLANG_WARN_INFINITE_RECURSION = YES;
				CLANG_WARN_INT_CONVERSION = YES;
				CLANG_WARN_NON_LITERAL_NULL_CONVERSION = YES;
				CLANG_WARN_OBJC_IMPLICIT_RETAIN_SELF = YES;
				CLANG_WARN_OBJC_LITERAL_CONVERSION = YES;
				CLANG_WARN_OBJC_ROOT_CLASS = YES_ERROR;
				CLANG_WARN_RANGE_LOOP_ANALYSIS = YES;
				CLANG_WARN_STRICT_PROTOTYPES = YES;
				CLANG_WARN_SUSPICIOUS_MOVE = YES;
				CLANG_WARN_SUSPICIOUS_MOVES = YES;
				CLANG_WARN_UNREACHABLE_CODE = YES;
				CLANG_WARN__DUPLICATE_METHOD_MATCH = YES;
				"CODE_SIGN_IDENTITY[sdk=iphoneos*]" = "iPhone Developer";
				COPY_PHASE_STRIP = NO;
				DEBUG_INFORMATION_FORMAT = "dwarf-with-dsym";
				ENABLE_NS_ASSERTIONS = NO;
				ENABLE_STRICT_OBJC_MSGSEND = YES;
				GCC_C_LANGUAGE_STANDARD = gnu99;
				GCC_NO_COMMON_BLOCKS = YES;
				GCC_WARN_64_TO_32_BIT_CONVERSION = YES;
				GCC_WARN_ABOUT_RETURN_TYPE = YES_ERROR;
				GCC_WARN_UNDECLARED_SELECTOR = YES;
				GCC_WARN_UNINITIALIZED_AUTOS = YES_AGGRESSIVE;
				GCC_WARN_UNUSED_FUNCTION = YES;
				GCC_WARN_UNUSED_VARIABLE = YES;
				IPHONEOS_DEPLOYMENT_TARGET = 12.1;
				MTL_ENABLE_DEBUG_INFO = NO;
				SDKROOT = iphoneos;
				SWIFT_COMPILATION_MODE = wholemodule;
				SWIFT_OPTIMIZATION_LEVEL = "-O";
				TARGETED_DEVICE_FAMILY = "1,2";
				VALIDATE_PRODUCT = YES;
			};
			name = Release;
		};
		8467EC841DBD0487006B921E /* Debug */ = {
			isa = XCBuildConfiguration;
			buildSettings = {
				ASSETCATALOG_COMPILER_APPICON_NAME = AppIcon;
				CODE_SIGN_STYLE = Manual;
				DEVELOPMENT_TEAM = "";
				INFOPLIST_FILE = Bookmarker/Info.plist;
				LD_RUNPATH_SEARCH_PATHS = (
					"$(inherited)",
					"@executable_path/Frameworks",
				);
				PRODUCT_BUNDLE_IDENTIFIER = com.effectuator.Bookmarker;
				PRODUCT_NAME = "$(TARGET_NAME)";
				PROVISIONING_PROFILE_SPECIFIER = "";
				SWIFT_SWIFT3_OBJC_INFERENCE = Default;
				SWIFT_VERSION = 4.2;
			};
			name = Debug;
		};
		8467EC851DBD0487006B921E /* Release */ = {
			isa = XCBuildConfiguration;
			buildSettings = {
				ASSETCATALOG_COMPILER_APPICON_NAME = AppIcon;
				CODE_SIGN_STYLE = Manual;
				DEVELOPMENT_TEAM = "";
				INFOPLIST_FILE = Bookmarker/Info.plist;
				LD_RUNPATH_SEARCH_PATHS = (
					"$(inherited)",
					"@executable_path/Frameworks",
				);
				PRODUCT_BUNDLE_IDENTIFIER = com.effectuator.Bookmarker;
				PRODUCT_NAME = "$(TARGET_NAME)";
				PROVISIONING_PROFILE_SPECIFIER = "";
				SWIFT_SWIFT3_OBJC_INFERENCE = Default;
				SWIFT_VERSION = 4.2;
			};
			name = Release;
		};
/* End XCBuildConfiguration section */

/* Begin XCConfigurationList section */
		8467EC6C1DBD0487006B921E /* Build configuration list for PBXProject "Bookmarker" */ = {
			isa = XCConfigurationList;
			buildConfigurations = (
				8467EC811DBD0487006B921E /* Debug */,
				8467EC821DBD0487006B921E /* Release */,
			);
			defaultConfigurationIsVisible = 0;
			defaultConfigurationName = Release;
		};
		8467EC831DBD0487006B921E /* Build configuration list for PBXNativeTarget "Bookmarker" */ = {
			isa = XCConfigurationList;
			buildConfigurations = (
				8467EC841DBD0487006B921E /* Debug */,
				8467EC851DBD0487006B921E /* Release */,
			);
			defaultConfigurationIsVisible = 0;
			defaultConfigurationName = Release;
		};
/* End XCConfigurationList section */
	};
	rootObject = 8467EC691DBD0487006B921E /* Project object */;
}
